// !$*UTF8*$!
{
	archiveVersion = 1;
	classes = {
	};
	objectVersion = 48;
	objects = {

/* Begin PBXBuildFile section */
		22535D3F2063610200EC7882 /* AppDelegate.swift in Sources */ = {isa = PBXBuildFile; fileRef = 22535D3E2063610200EC7882 /* AppDelegate.swift */; };
		22535D412063610200EC7882 /* ViewController.swift in Sources */ = {isa = PBXBuildFile; fileRef = 22535D402063610200EC7882 /* ViewController.swift */; };
		22535D442063610200EC7882 /* Main.storyboard in Resources */ = {isa = PBXBuildFile; fileRef = 22535D422063610200EC7882 /* Main.storyboard */; };
		22535D462063610200EC7882 /* Assets.xcassets in Resources */ = {isa = PBXBuildFile; fileRef = 22535D452063610200EC7882 /* Assets.xcassets */; };
		22535D492063610200EC7882 /* LaunchScreen.storyboard in Resources */ = {isa = PBXBuildFile; fileRef = 22535D472063610200EC7882 /* LaunchScreen.storyboard */; };
		22535D542063610200EC7882 /* World_TrackingTests.swift in Sources */ = {isa = PBXBuildFile; fileRef = 22535D532063610200EC7882 /* World_TrackingTests.swift */; };
/* End PBXBuildFile section */

/* Begin PBXContainerItemProxy section */
		22535D502063610200EC7882 /* PBXContainerItemProxy */ = {
			isa = PBXContainerItemProxy;
			containerPortal = 22535D332063610200EC7882 /* Project object */;
			proxyType = 1;
			remoteGlobalIDString = 22535D3A2063610200EC7882;
			remoteInfo = "World Tracking";
		};
/* End PBXContainerItemProxy section */

/* Begin PBXFileReference section */
		22535D3B2063610200EC7882 /* World Tracking.app */ = {isa = PBXFileReference; explicitFileType = wrapper.application; includeInIndex = 0; path = "World Tracking.app"; sourceTree = BUILT_PRODUCTS_DIR; };
		22535D3E2063610200EC7882 /* AppDelegate.swift */ = {isa = PBXFileReference; lastKnownFileType = sourcecode.swift; path = AppDelegate.swift; sourceTree = "<group>"; };
		22535D402063610200EC7882 /* ViewController.swift */ = {isa = PBXFileReference; lastKnownFileType = sourcecode.swift; path = ViewController.swift; sourceTree = "<group>"; };
		22535D432063610200EC7882 /* Base */ = {isa = PBXFileReference; lastKnownFileType = file.storyboard; name = Base; path = Base.lproj/Main.storyboard; sourceTree = "<group>"; };
		22535D452063610200EC7882 /* Assets.xcassets */ = {isa = PBXFileReference; lastKnownFileType = folder.assetcatalog; path = Assets.xcassets; sourceTree = "<group>"; };
		22535D482063610200EC7882 /* Base */ = {isa = PBXFileReference; lastKnownFileType = file.storyboard; name = Base; path = Base.lproj/LaunchScreen.storyboard; sourceTree = "<group>"; };
		22535D4A2063610200EC7882 /* Info.plist */ = {isa = PBXFileReference; lastKnownFileType = text.plist.xml; path = Info.plist; sourceTree = "<group>"; };
		22535D4F2063610200EC7882 /* World TrackingTests.xctest */ = {isa = PBXFileReference; explicitFileType = wrapper.cfbundle; includeInIndex = 0; path = "World TrackingTests.xctest"; sourceTree = BUILT_PRODUCTS_DIR; };
		22535D532063610200EC7882 /* World_TrackingTests.swift */ = {isa = PBXFileReference; lastKnownFileType = sourcecode.swift; path = World_TrackingTests.swift; sourceTree = "<group>"; };
		22535D552063610200EC7882 /* Info.plist */ = {isa = PBXFileReference; lastKnownFileType = text.plist.xml; path = Info.plist; sourceTree = "<group>"; };
/* End PBXFileReference section */

/* Begin PBXFrameworksBuildPhase section */
		22535D382063610200EC7882 /* Frameworks */ = {
			isa = PBXFrameworksBuildPhase;
			buildActionMask = 2147483647;
			files = (
			);
			runOnlyForDeploymentPostprocessing = 0;
		};
		22535D4C2063610200EC7882 /* Frameworks */ = {
			isa = PBXFrameworksBuildPhase;
			buildActionMask = 2147483647;
			files = (
			);
			runOnlyForDeploymentPostprocessing = 0;
		};
/* End PBXFrameworksBuildPhase section */

/* Begin PBXGroup section */
		22535D322063610200EC7882 = {
			isa = PBXGroup;
			children = (
				22535D3D2063610200EC7882 /* World Tracking */,
				22535D522063610200EC7882 /* World TrackingTests */,
				22535D3C2063610200EC7882 /* Products */,
			);
			sourceTree = "<group>";
		};
		22535D3C2063610200EC7882 /* Products */ = {
			isa = PBXGroup;
			children = (
				22535D3B2063610200EC7882 /* World Tracking.app */,
				22535D4F2063610200EC7882 /* World TrackingTests.xctest */,
			);
			name = Products;
			sourceTree = "<group>";
		};
		22535D3D2063610200EC7882 /* World Tracking */ = {
			isa = PBXGroup;
			children = (
				22535D3E2063610200EC7882 /* AppDelegate.swift */,
				22535D402063610200EC7882 /* ViewController.swift */,
				22535D422063610200EC7882 /* Main.storyboard */,
				22535D452063610200EC7882 /* Assets.xcassets */,
				22535D472063610200EC7882 /* LaunchScreen.storyboard */,
				22535D4A2063610200EC7882 /* Info.plist */,
			);
			path = "World Tracking";
			sourceTree = "<group>";
		};
		22535D522063610200EC7882 /* World TrackingTests */ = {
			isa = PBXGroup;
			children = (
				22535D532063610200EC7882 /* World_TrackingTests.swift */,
				22535D552063610200EC7882 /* Info.plist */,
			);
			path = "World TrackingTests";
			sourceTree = "<group>";
		};
/* End PBXGroup section */

/* Begin PBXNativeTarget section */
		22535D3A2063610200EC7882 /* World Tracking */ = {
			isa = PBXNativeTarget;
			buildConfigurationList = 22535D582063610200EC7882 /* Build configuration list for PBXNativeTarget "World Tracking" */;
			buildPhases = (
				22535D372063610200EC7882 /* Sources */,
				22535D382063610200EC7882 /* Frameworks */,
				22535D392063610200EC7882 /* Resources */,
			);
			buildRules = (
			);
			dependencies = (
			);
			name = "World Tracking";
			productName = "World Tracking";
			productReference = 22535D3B2063610200EC7882 /* World Tracking.app */;
			productType = "com.apple.product-type.application";
		};
		22535D4E2063610200EC7882 /* World TrackingTests */ = {
			isa = PBXNativeTarget;
			buildConfigurationList = 22535D5B2063610200EC7882 /* Build configuration list for PBXNativeTarget "World TrackingTests" */;
			buildPhases = (
				22535D4B2063610200EC7882 /* Sources */,
				22535D4C2063610200EC7882 /* Frameworks */,
				22535D4D2063610200EC7882 /* Resources */,
			);
			buildRules = (
			);
			dependencies = (
				22535D512063610200EC7882 /* PBXTargetDependency */,
			);
			name = "World TrackingTests";
			productName = "World TrackingTests";
			productReference = 22535D4F2063610200EC7882 /* World TrackingTests.xctest */;
			productType = "com.apple.product-type.bundle.unit-test";
		};
/* End PBXNativeTarget section */

/* Begin PBXProject section */
		22535D332063610200EC7882 /* Project object */ = {
			isa = PBXProject;
			attributes = {
				LastSwiftUpdateCheck = 0920;
				LastUpgradeCheck = 0920;
				ORGANIZATIONNAME = Showpass;
				TargetAttributes = {
					22535D3A2063610200EC7882 = {
						CreatedOnToolsVersion = 9.2;
						ProvisioningStyle = Automatic;
					};
					22535D4E2063610200EC7882 = {
						CreatedOnToolsVersion = 9.2;
						ProvisioningStyle = Automatic;
						TestTargetID = 22535D3A2063610200EC7882;
					};
				};
			};
			buildConfigurationList = 22535D362063610200EC7882 /* Build configuration list for PBXProject "World Tracking" */;
			compatibilityVersion = "Xcode 8.0";
			developmentRegion = en;
			hasScannedForEncodings = 0;
			knownRegions = (
				en,
				Base,
			);
			mainGroup = 22535D322063610200EC7882;
			productRefGroup = 22535D3C2063610200EC7882 /* Products */;
			projectDirPath = "";
			projectRoot = "";
			targets = (
				22535D3A2063610200EC7882 /* World Tracking */,
				22535D4E2063610200EC7882 /* World TrackingTests */,
			);
		};
/* End PBXProject section */

/* Begin PBXResourcesBuildPhase section */
		22535D392063610200EC7882 /* Resources */ = {
			isa = PBXResourcesBuildPhase;
			buildActionMask = 2147483647;
			files = (
				22535D492063610200EC7882 /* LaunchScreen.storyboard in Resources */,
				22535D462063610200EC7882 /* Assets.xcassets in Resources */,
				22535D442063610200EC7882 /* Main.storyboard in Resources */,
			);
			runOnlyForDeploymentPostprocessing = 0;
		};
		22535D4D2063610200EC7882 /* Resources */ = {
			isa = PBXResourcesBuildPhase;
			buildActionMask = 2147483647;
			files = (
			);
			runOnlyForDeploymentPostprocessing = 0;
		};
/* End PBXResourcesBuildPhase section */

/* Begin PBXSourcesBuildPhase section */
		22535D372063610200EC7882 /* Sources */ = {
			isa = PBXSourcesBuildPhase;
			buildActionMask = 2147483647;
			files = (
				22535D412063610200EC7882 /* ViewController.swift in Sources */,
				22535D3F2063610200EC7882 /* AppDelegate.swift in Sources */,
			);
			runOnlyForDeploymentPostprocessing = 0;
		};
		22535D4B2063610200EC7882 /* Sources */ = {
			isa = PBXSourcesBuildPhase;
			buildActionMask = 2147483647;
			files = (
				22535D542063610200EC7882 /* World_TrackingTests.swift in Sources */,
			);
			runOnlyForDeploymentPostprocessing = 0;
		};
/* End PBXSourcesBuildPhase section */

/* Begin PBXTargetDependency section */
		22535D512063610200EC7882 /* PBXTargetDependency */ = {
			isa = PBXTargetDependency;
			target = 22535D3A2063610200EC7882 /* World Tracking */;
			targetProxy = 22535D502063610200EC7882 /* PBXContainerItemProxy */;
		};
/* End PBXTargetDependency section */

/* Begin PBXVariantGroup section */
		22535D422063610200EC7882 /* Main.storyboard */ = {
			isa = PBXVariantGroup;
			children = (
				22535D432063610200EC7882 /* Base */,
			);
			name = Main.storyboard;
			sourceTree = "<group>";
		};
		22535D472063610200EC7882 /* LaunchScreen.storyboard */ = {
			isa = PBXVariantGroup;
			children = (
				22535D482063610200EC7882 /* Base */,
			);
			name = LaunchScreen.storyboard;
			sourceTree = "<group>";
		};
/* End PBXVariantGroup section */

/* Begin XCBuildConfiguration section */
		22535D562063610200EC7882 /* Debug */ = {
			isa = XCBuildConfiguration;
			buildSettings = {
				ALWAYS_SEARCH_USER_PATHS = NO;
				CLANG_ANALYZER_NONNULL = YES;
				CLANG_ANALYZER_NUMBER_OBJECT_CONVERSION = YES_AGGRESSIVE;
				CLANG_CXX_LANGUAGE_STANDARD = "gnu++14";
				CLANG_CXX_LIBRARY = "libc++";
				CLANG_ENABLE_MODULES = YES;
				CLANG_ENABLE_OBJC_ARC = YES;
				CLANG_WARN_BLOCK_CAPTURE_AUTORELEASING = YES;
				CLANG_WARN_BOOL_CONVERSION = YES;
				CLANG_WARN_COMMA = YES;
				CLANG_WARN_CONSTANT_CONVERSION = YES;
				CLANG_WARN_DIRECT_OBJC_ISA_USAGE = YES_ERROR;
				CLANG_WARN_DOCUMENTATION_COMMENTS = YES;
				CLANG_WARN_EMPTY_BODY = YES;
				CLANG_WARN_ENUM_CONVERSION = YES;
				CLANG_WARN_INFINITE_RECURSION = YES;
				CLANG_WARN_INT_CONVERSION = YES;
				CLANG_WARN_NON_LITERAL_NULL_CONVERSION = YES;
				CLANG_WARN_OBJC_LITERAL_CONVERSION = YES;
				CLANG_WARN_OBJC_ROOT_CLASS = YES_ERROR;
				CLANG_WARN_RANGE_LOOP_ANALYSIS = YES;
				CLANG_WARN_STRICT_PROTOTYPES = YES;
				CLANG_WARN_SUSPICIOUS_MOVE = YES;
				CLANG_WARN_UNGUARDED_AVAILABILITY = YES_AGGRESSIVE;
				CLANG_WARN_UNREACHABLE_CODE = YES;
				CLANG_WARN__DUPLICATE_METHOD_MATCH = YES;
				CODE_SIGN_IDENTITY = "iPhone Developer";
				COPY_PHASE_STRIP = NO;
				DEBUG_INFORMATION_FORMAT = dwarf;
				ENABLE_STRICT_OBJC_MSGSEND = YES;
				ENABLE_TESTABILITY = YES;
				GCC_C_LANGUAGE_STANDARD = gnu11;
				GCC_DYNAMIC_NO_PIC = NO;
				GCC_NO_COMMON_BLOCKS = YES;
				GCC_OPTIMIZATION_LEVEL = 0;
				GCC_PREPROCESSOR_DEFINITIONS = (
					"DEBUG=1",
					"$(inherited)",
				);
				GCC_WARN_64_TO_32_BIT_CONVERSION = YES;
				GCC_WARN_ABOUT_RETURN_TYPE = YES_ERROR;
				GCC_WARN_UNDECLARED_SELECTOR = YES;
				GCC_WARN_UNINITIALIZED_AUTOS = YES_AGGRESSIVE;
				GCC_WARN_UNUSED_FUNCTION = YES;
				GCC_WARN_UNUSED_VARIABLE = YES;
				IPHONEOS_DEPLOYMENT_TARGET = 11.2;
				MTL_ENABLE_DEBUG_INFO = YES;
				ONLY_ACTIVE_ARCH = YES;
				SDKROOT = iphoneos;
				SWIFT_ACTIVE_COMPILATION_CONDITIONS = DEBUG;
				SWIFT_OPTIMIZATION_LEVEL = "-Onone";
			};
			name = Debug;
		};
		22535D572063610200EC7882 /* Release */ = {
			isa = XCBuildConfiguration;
			buildSettings = {
				ALWAYS_SEARCH_USER_PATHS = NO;
				CLANG_ANALYZER_NONNULL = YES;
				CLANG_ANALYZER_NUMBER_OBJECT_CONVERSION = YES_AGGRESSIVE;
				CLANG_CXX_LANGUAGE_STANDARD = "gnu++14";
				CLANG_CXX_LIBRARY = "libc++";
				CLANG_ENABLE_MODULES = YES;
				CLANG_ENABLE_OBJC_ARC = YES;
				CLANG_WARN_BLOCK_CAPTURE_AUTORELEASING = YES;
				CLANG_WARN_BOOL_CONVERSION = YES;
				CLANG_WARN_COMMA = YES;
				CLANG_WARN_CONSTANT_CONVERSION = YES;
				CLANG_WARN_DIRECT_OBJC_ISA_USAGE = YES_ERROR;
				CLANG_WARN_DOCUMENTATION_COMMENTS = YES;
				CLANG_WARN_EMPTY_BODY = YES;
				CLANG_WARN_ENUM_CONVERSION = YES;
				CLANG_WARN_INFINITE_RECURSION = YES;
				CLANG_WARN_INT_CONVERSION = YES;
				CLANG_WARN_NON_LITERAL_NULL_CONVERSION = YES;
				CLANG_WARN_OBJC_LITERAL_CONVERSION = YES;
				CLANG_WARN_OBJC_ROOT_CLASS = YES_ERROR;
				CLANG_WARN_RANGE_LOOP_ANALYSIS = YES;
				CLANG_WARN_STRICT_PROTOTYPES = YES;
				CLANG_WARN_SUSPICIOUS_MOVE = YES;
				CLANG_WARN_UNGUARDED_AVAILABILITY = YES_AGGRESSIVE;
				CLANG_WARN_UNREACHABLE_CODE = YES;
				CLANG_WARN__DUPLICATE_METHOD_MATCH = YES;
				CODE_SIGN_IDENTITY = "iPhone Developer";
				COPY_PHASE_STRIP = NO;
				DEBUG_INFORMATION_FORMAT = "dwarf-with-dsym";
				ENABLE_NS_ASSERTIONS = NO;
				ENABLE_STRICT_OBJC_MSGSEND = YES;
				GCC_C_LANGUAGE_STANDARD = gnu11;
				GCC_NO_COMMON_BLOCKS = YES;
				GCC_WARN_64_TO_32_BIT_CONVERSION = YES;
				GCC_WARN_ABOUT_RETURN_TYPE = YES_ERROR;
				GCC_WARN_UNDECLARED_SELECTOR = YES;
				GCC_WARN_UNINITIALIZED_AUTOS = YES_AGGRESSIVE;
				GCC_WARN_UNUSED_FUNCTION = YES;
				GCC_WARN_UNUSED_VARIABLE = YES;
				IPHONEOS_DEPLOYMENT_TARGET = 11.2;
				MTL_ENABLE_DEBUG_INFO = NO;
				SDKROOT = iphoneos;
				SWIFT_OPTIMIZATION_LEVEL = "-Owholemodule";
				VALIDATE_PRODUCT = YES;
			};
			name = Release;
		};
		22535D592063610200EC7882 /* Debug */ = {
			isa = XCBuildConfiguration;
			buildSettings = {
				ASSETCATALOG_COMPILER_APPICON_NAME = AppIcon;
				CODE_SIGN_STYLE = Automatic;
				DEVELOPMENT_TEAM = CXUC5H2CR4;
				INFOPLIST_FILE = "World Tracking/Info.plist";
				LD_RUNPATH_SEARCH_PATHS = "$(inherited) @executable_path/Frameworks";
				PRODUCT_BUNDLE_IDENTIFIER = "com.myshowpass.World-Tracking";
				PRODUCT_NAME = "$(TARGET_NAME)";
				SWIFT_VERSION = 4.0;
				TARGETED_DEVICE_FAMILY = "1,2";
			};
			name = Debug;
		};
		22535D5A2063610200EC7882 /* Release */ = {
			isa = XCBuildConfiguration;
			buildSettings = {
				ASSETCATALOG_COMPILER_APPICON_NAME = AppIcon;
				CODE_SIGN_STYLE = Automatic;
				DEVELOPMENT_TEAM = CXUC5H2CR4;
				INFOPLIST_FILE = "World Tracking/Info.plist";
				LD_RUNPATH_SEARCH_PATHS = "$(inherited) @executable_path/Frameworks";
				PRODUCT_BUNDLE_IDENTIFIER = "com.myshowpass.World-Tracking";
				PRODUCT_NAME = "$(TARGET_NAME)";
				SWIFT_VERSION = 4.0;
				TARGETED_DEVICE_FAMILY = "1,2";
			};
			name = Release;
		};
		22535D5C2063610200EC7882 /* Debug */ = {
			isa = XCBuildConfiguration;
			buildSettings = {
				ALWAYS_EMBED_SWIFT_STANDARD_LIBRARIES = YES;
				BUNDLE_LOADER = "$(TEST_HOST)";
				CODE_SIGN_STYLE = Automatic;
				DEVELOPMENT_TEAM = CXUC5H2CR4;
				INFOPLIST_FILE = "World TrackingTests/Info.plist";
				LD_RUNPATH_SEARCH_PATHS = "$(inherited) @executable_path/Frameworks @loader_path/Frameworks";
				PRODUCT_BUNDLE_IDENTIFIER = "com.myshowpass.World-TrackingTests";
				PRODUCT_NAME = "$(TARGET_NAME)";
				SWIFT_VERSION = 4.0;
				TARGETED_DEVICE_FAMILY = "1,2";
				TEST_HOST = "$(BUILT_PRODUCTS_DIR)/World Tracking.app/World Tracking";
			};
			name = Debug;
		};
		22535D5D2063610200EC7882 /* Release */ = {
			isa = XCBuildConfiguration;
			buildSettings = {
				ALWAYS_EMBED_SWIFT_STANDARD_LIBRARIES = YES;
				BUNDLE_LOADER = "$(TEST_HOST)";
				CODE_SIGN_STYLE = Automatic;
				DEVELOPMENT_TEAM = CXUC5H2CR4;
				INFOPLIST_FILE = "World TrackingTests/Info.plist";
				LD_RUNPATH_SEARCH_PATHS = "$(inherited) @executable_path/Frameworks @loader_path/Frameworks";
				PRODUCT_BUNDLE_IDENTIFIER = "com.myshowpass.World-TrackingTests";
				PRODUCT_NAME = "$(TARGET_NAME)";
				SWIFT_VERSION = 4.0;
				TARGETED_DEVICE_FAMILY = "1,2";
				TEST_HOST = "$(BUILT_PRODUCTS_DIR)/World Tracking.app/World Tracking";
			};
			name = Release;
		};
/* End XCBuildConfiguration section */

/* Begin XCConfigurationList section */
		22535D362063610200EC7882 /* Build configuration list for PBXProject "World Tracking" */ = {
			isa = XCConfigurationList;
			buildConfigurations = (
				22535D562063610200EC7882 /* Debug */,
				22535D572063610200EC7882 /* Release */,
			);
			defaultConfigurationIsVisible = 0;
			defaultConfigurationName = Release;
		};
		22535D582063610200EC7882 /* Build configuration list for PBXNativeTarget "World Tracking" */ = {
			isa = XCConfigurationList;
			buildConfigurations = (
				22535D592063610200EC7882 /* Debug */,
				22535D5A2063610200EC7882 /* Release */,
			);
			defaultConfigurationIsVisible = 0;
			defaultConfigurationName = Release;
		};
		22535D5B2063610200EC7882 /* Build configuration list for PBXNativeTarget "World TrackingTests" */ = {
			isa = XCConfigurationList;
			buildConfigurations = (
				22535D5C2063610200EC7882 /* Debug */,
				22535D5D2063610200EC7882 /* Release */,
			);
			defaultConfigurationIsVisible = 0;
			defaultConfigurationName = Release;
		};
/* End XCConfigurationList section */
	};
	rootObject = 22535D332063610200EC7882 /* Project object */;
}
